
Microsoft Visual Studio Solution File, Format Version 12.00
# Visual Studio Version 17
VisualStudioVersion = 17.9.34728.123
MinimumVisualStudioVersion = 10.0.40219.1
Project("{FAE04EC0-301F-11D3-BF4B-00C04F79EFBC}") = "personel_kayit", "personel_kayit.csproj", "{CAEE04DF-B094-43E5-92EF-17DA46AC57A5}"
EndProject
Global
	GlobalSection(SolutionConfigurationPlatforms) = preSolution
		Debug|Any CPU = Debug|Any CPU
		Release|Any CPU = Release|Any CPU
	EndGlobalSection
	GlobalSection(ProjectConfigurationPlatforms) = postSolution
		{CAEE04DF-B094-43E5-92EF-17DA46AC57A5}.Debug|Any CPU.ActiveCfg = Debug|Any CPU
		{CAEE04DF-B094-43E5-92EF-17DA46AC57A5}.Debug|Any CPU.Build.0 = Debug|Any CPU
		{CAEE04DF-B094-43E5-92EF-17DA46AC57A5}.Release|Any CPU.ActiveCfg = Release|Any CPU
		{CAEE04DF-B094-43E5-92EF-17DA46AC57A5}.Release|Any CPU.Build.0 = Release|Any CPU
	EndGlobalSection
	GlobalSection(SolutionProperties) = preSolution
		HideSolutionNode = FALSE
	EndGlobalSection
	GlobalSection(ExtensibilityGlobals) = postSolution
		SolutionGuid = {ECDB8DF3-4540-4656-BA73-55E9752DE05B}
	EndGlobalSection
EndGlobal
